hash: 835a8d996f2d38077050e6d4346579b92ed9f92946687d12ee6552b23904d411
updated: 2017-04-06T21:53:51.635485296-07:00
imports:
- name: github.com/beorn7/perks
  version: 4c0e84591b9aa9e6dcfdf3e020114cd81f89d5f9
  subpackages:
  - quantile
- name: github.com/golang/protobuf
  version: 7cc19b78d562895b13596ddce7aafb59dd789318
  subpackages:
  - proto
- name: github.com/google/gopacket
  version: b83f94714c36e30ce851be1d5a0a5226f9f1bca4
  subpackages:
  - layers
  - pcap
- name: github.com/jeffbean/go-zookeeper
  version: 30282bb899b4be1aa38341a3c3d1203db2657b21
  subpackages:
  - zk
- name: github.com/matttproud/golang_protobuf_extensions
  version: c12348ce28de40eed0136aa2b644d0ee0650e56c
  subpackages:
  - pbutil
- name: github.com/pkg/errors
  version: 645ef00459ed84a119197bfb8d8205042c6df63d
- name: github.com/prometheus/client_golang
  version: 08fd2e12372a66e68e30523c7642e0cbc3e4fbde
  subpackages:
  - prometheus
  - prometheus/promhttp
  - promhttp
- name: github.com/prometheus/client_model
  version: fa8ad6fec33561be4280a8f0514318c79d7f6cb6
  subpackages:
  - go
- name: github.com/prometheus/common
  version: f36a8da2241e626287bf1adfa7bc2f66bbc6770b
  subpackages:
  - expfmt
  - internal/bitbucket.org/ww/goautoneg
  - model
- name: github.com/prometheus/procfs
  version: a1dba9ce8baed984a2495b658c82687f8157b98f
  subpackages:
  - xfs
- name: go.uber.org/atomic
  version: 3b8db5e93c4c02efbc313e17b2e796b0914a01fb
- name: go.uber.org/zap
  version: a2773be06b9ac7c318a3a105b5c310af5730c6b4
  subpackages:
  - buffer
  - internal/bufferpool
  - internal/color
  - internal/exit
  - internal/multierror
  - zapcore
testImports: []
