hash: c086321ffcb9d4b44bef997ab28becd71b9c3ddfb89bece83ebf71cb223a7e56
updated: 2017-01-05T22:37:13.814986953-08:00
imports:
- name: github.com/google/gopacket
  version: b83f94714c36e30ce851be1d5a0a5226f9f1bca4
  subpackages:
  - layers
  - pcap
- name: github.com/samuel/go-zookeeper
  version: 1d7be4effb13d2d908342d349d71a284a7542693
  subpackages:
  - zk
testImports: []
